
Microsoft Visual Studio Solution File, Format Version 12.00
# Visual Studio Version 17
VisualStudioVersion = 17.4.33122.133
MinimumVisualStudioVersion = 10.0.40219.1
Project("{FAE04EC0-301F-11D3-BF4B-00C04F79EFBC}") = "BasicLoops", "BasicLoops\BasicLoops.csproj", "{39A78065-5E1B-4FB8-A87A-93489BEE651D}"
EndProject
Global
	GlobalSection(SolutionConfigurationPlatforms) = preSolution
		Debug|Any CPU = Debug|Any CPU
		Release|Any CPU = Release|Any CPU
	EndGlobalSection
	GlobalSection(ProjectConfigurationPlatforms) = postSolution
		{39A78065-5E1B-4FB8-A87A-93489BEE651D}.Debug|Any CPU.ActiveCfg = Debug|Any CPU
		{39A78065-5E1B-4FB8-A87A-93489BEE651D}.Debug|Any CPU.Build.0 = Debug|Any CPU
		{39A78065-5E1B-4FB8-A87A-93489BEE651D}.Release|Any CPU.ActiveCfg = Release|Any CPU
		{39A78065-5E1B-4FB8-A87A-93489BEE651D}.Release|Any CPU.Build.0 = Release|Any CPU
	EndGlobalSection
	GlobalSection(SolutionProperties) = preSolution
		HideSolutionNode = FALSE
	EndGlobalSection
	GlobalSection(ExtensibilityGlobals) = postSolution
		SolutionGuid = {A8580B32-9826-4E3D-8A79-0B194F9DB894}
	EndGlobalSection
EndGlobal
